{
  "name": "joancema",
  "version": "0.0.1",
  "lockfileVersion": 1,
  "requires": true,
  "dependencies": {
    "@ionic/core": {
      "version": "5.3.1",
      "resolved": "https://registry.npmjs.org/@ionic/core/-/core-5.3.1.tgz",
      "integrity": "sha512-psOiYZbpL5uGKi7MZ9BXCfQIdJVVVW1n8AvrWAiifFE/ebI1x0wbO+D5QLmF2Mc2t/d0nbk4N1V8XyF2bjjiLg==",
      "dev": true,
      "requires": {
        "ionicons": "^5.1.2",
        "tslib": "^1.10.0"
      }
    },
    "@stencil/core": {
      "version": "1.17.3",
      "resolved": "https://registry.npmjs.org/@stencil/core/-/core-1.17.3.tgz",
      "integrity": "sha512-q5joOYUPHTNa/5hEThMT/QEJ/suN8bpcYbV/LrSNsgsgHN+RJ05jCpU8VAShdUPT6WzoyF2iGgYc/EI2xeqFzw==",
      "dev": true,
      "requires": {
        "typescript": "3.9.7"
      }
    },
    "ionicons": {
      "version": "5.1.2",
      "resolved": "https://registry.npmjs.org/ionicons/-/ionicons-5.1.2.tgz",
      "integrity": "sha512-zO7ZgbBbXhpA7cXO2rDzTNdcCqErjg1Sprq/ossTvaiV0MriOjRE7JO3EGvYjDTPzF9YALGpvLXqCgsRT0tprA==",
      "dev": true
    },
    "tslib": {
      "version": "1.13.0",
      "resolved": "https://registry.npmjs.org/tslib/-/tslib-1.13.0.tgz",
      "integrity": "sha512-i/6DQjL8Xf3be4K/E6Wgpekn5Qasl1usyw++dAA35Ue5orEn65VIxOA+YvNNl9HV3qv70T7CNwjODHZrLwvd1Q==",
      "dev": true
    },
    "typescript": {
      "version": "3.9.7",
      "resolved": "https://registry.npmjs.org/typescript/-/typescript-3.9.7.tgz",
      "integrity": "sha512-BLbiRkiBzAwsjut4x/dsibSTB6yWpwT5qWmC2OfuCg3GgVQCSgMs4vEctYPhsaGtd0AeuuHMkjZ2h2WG8MSzRw==",
      "dev": true
    }
  }
}
